// !$*UTF8*$!
{
	archiveVersion = 1;
	classes = {
	};
	objectVersion = 46;
	objects = {

/* Begin PBXBuildFile section */
		2FA3821D1A03E6C500D1B0FF /* AppDelegate.swift in Sources */ = {isa = PBXBuildFile; fileRef = 2FA3821C1A03E6C500D1B0FF /* AppDelegate.swift */; };
		2FA3821F1A03E6C500D1B0FF /* ViewController.swift in Sources */ = {isa = PBXBuildFile; fileRef = 2FA3821E1A03E6C500D1B0FF /* ViewController.swift */; };
		2FA382221A03E6C500D1B0FF /* Main.storyboard in Resources */ = {isa = PBXBuildFile; fileRef = 2FA382201A03E6C500D1B0FF /* Main.storyboard */; };
		2FA382241A03E6C500D1B0FF /* Images.xcassets in Resources */ = {isa = PBXBuildFile; fileRef = 2FA382231A03E6C500D1B0FF /* Images.xcassets */; };
		2FA382271A03E6C500D1B0FF /* LaunchScreen.xib in Resources */ = {isa = PBXBuildFile; fileRef = 2FA382251A03E6C500D1B0FF /* LaunchScreen.xib */; };
		2FA382331A03E6C500D1B0FF /* FirstProjectTests.swift in Sources */ = {isa = PBXBuildFile; fileRef = 2FA382321A03E6C500D1B0FF /* FirstProjectTests.swift */; };
/* End PBXBuildFile section */

/* Begin PBXContainerItemProxy section */
		2FA3822D1A03E6C500D1B0FF /* PBXContainerItemProxy */ = {
			isa = PBXContainerItemProxy;
			containerPortal = 2FA3820F1A03E6C500D1B0FF /* Project object */;
			proxyType = 1;
			remoteGlobalIDString = 2FA382161A03E6C500D1B0FF;
			remoteInfo = FirstProject;
		};
/* End PBXContainerItemProxy section */

/* Begin PBXFileReference section */
		2FA382171A03E6C500D1B0FF /* FirstProject.app */ = {isa = PBXFileReference; explicitFileType = wrapper.application; includeInIndex = 0; path = FirstProject.app; sourceTree = BUILT_PRODUCTS_DIR; };
		2FA3821B1A03E6C500D1B0FF /* Info.plist */ = {isa = PBXFileReference; lastKnownFileType = text.plist.xml; path = Info.plist; sourceTree = "<group>"; };
		2FA3821C1A03E6C500D1B0FF /* AppDelegate.swift */ = {isa = PBXFileReference; lastKnownFileType = sourcecode.swift; path = AppDelegate.swift; sourceTree = "<group>"; };
		2FA3821E1A03E6C500D1B0FF /* ViewController.swift */ = {isa = PBXFileReference; lastKnownFileType = sourcecode.swift; path = ViewController.swift; sourceTree = "<group>"; };
		2FA382211A03E6C500D1B0FF /* Base */ = {isa = PBXFileReference; lastKnownFileType = file.storyboard; name = Base; path = Base.lproj/Main.storyboard; sourceTree = "<group>"; };
		2FA382231A03E6C500D1B0FF /* Images.xcassets */ = {isa = PBXFileReference; lastKnownFileType = folder.assetcatalog; path = Images.xcassets; sourceTree = "<group>"; };
		2FA382261A03E6C500D1B0FF /* Base */ = {isa = PBXFileReference; lastKnownFileType = file.xib; name = Base; path = Base.lproj/LaunchScreen.xib; sourceTree = "<group>"; };
		2FA3822C1A03E6C500D1B0FF /* FirstProjectTests.xctest */ = {isa = PBXFileReference; explicitFileType = wrapper.cfbundle; includeInIndex = 0; path = FirstProjectTests.xctest; sourceTree = BUILT_PRODUCTS_DIR; };
		2FA382311A03E6C500D1B0FF /* Info.plist */ = {isa = PBXFileReference; lastKnownFileType = text.plist.xml; path = Info.plist; sourceTree = "<group>"; };
		2FA382321A03E6C500D1B0FF /* FirstProjectTests.swift */ = {isa = PBXFileReference; lastKnownFileType = sourcecode.swift; path = FirstProjectTests.swift; sourceTree = "<group>"; };
/* End PBXFileReference section */

/* Begin PBXFrameworksBuildPhase section */
		2FA382141A03E6C500D1B0FF /* Frameworks */ = {
			isa = PBXFrameworksBuildPhase;
			buildActionMask = 2147483647;
			files = (
			);
			runOnlyForDeploymentPostprocessing = 0;
		};
		2FA382291A03E6C500D1B0FF /* Frameworks */ = {
			isa = PBXFrameworksBuildPhase;
			buildActionMask = 2147483647;
			files = (
			);
			runOnlyForDeploymentPostprocessing = 0;
		};
/* End PBXFrameworksBuildPhase section */

/* Begin PBXGroup section */
		2FA3820E1A03E6C500D1B0FF = {
			isa = PBXGroup;
			children = (
				2FA382191A03E6C500D1B0FF /* FirstProject */,
				2FA3822F1A03E6C500D1B0FF /* FirstProjectTests */,
				2FA382181A03E6C500D1B0FF /* Products */,
			);
			sourceTree = "<group>";
		};
		2FA382181A03E6C500D1B0FF /* Products */ = {
			isa = PBXGroup;
			children = (
				2FA382171A03E6C500D1B0FF /* FirstProject.app */,
				2FA3822C1A03E6C500D1B0FF /* FirstProjectTests.xctest */,
			);
			name = Products;
			sourceTree = "<group>";
		};
		2FA382191A03E6C500D1B0FF /* FirstProject */ = {
			isa = PBXGroup;
			children = (
				2FA3821C1A03E6C500D1B0FF /* AppDelegate.swift */,
				2FA3821E1A03E6C500D1B0FF /* ViewController.swift */,
				2FA382201A03E6C500D1B0FF /* Main.storyboard */,
				2FA382231A03E6C500D1B0FF /* Images.xcassets */,
				2FA382251A03E6C500D1B0FF /* LaunchScreen.xib */,
				2FA3821A1A03E6C500D1B0FF /* Supporting Files */,
			);
			path = FirstProject;
			sourceTree = "<group>";
		};
		2FA3821A1A03E6C500D1B0FF /* Supporting Files */ = {
			isa = PBXGroup;
			children = (
				2FA3821B1A03E6C500D1B0FF /* Info.plist */,
			);
			name = "Supporting Files";
			sourceTree = "<group>";
		};
		2FA3822F1A03E6C500D1B0FF /* FirstProjectTests */ = {
			isa = PBXGroup;
			children = (
				2FA382321A03E6C500D1B0FF /* FirstProjectTests.swift */,
				2FA382301A03E6C500D1B0FF /* Supporting Files */,
			);
			path = FirstProjectTests;
			sourceTree = "<group>";
		};
		2FA382301A03E6C500D1B0FF /* Supporting Files */ = {
			isa = PBXGroup;
			children = (
				2FA382311A03E6C500D1B0FF /* Info.plist */,
			);
			name = "Supporting Files";
			sourceTree = "<group>";
		};
/* End PBXGroup section */

/* Begin PBXNativeTarget section */
		2FA382161A03E6C500D1B0FF /* FirstProject */ = {
			isa = PBXNativeTarget;
			buildConfigurationList = 2FA382361A03E6C500D1B0FF /* Build configuration list for PBXNativeTarget "FirstProject" */;
			buildPhases = (
				2FA382131A03E6C500D1B0FF /* Sources */,
				2FA382141A03E6C500D1B0FF /* Frameworks */,
				2FA382151A03E6C500D1B0FF /* Resources */,
			);
			buildRules = (
			);
			dependencies = (
			);
			name = FirstProject;
			productName = FirstProject;
			productReference = 2FA382171A03E6C500D1B0FF /* FirstProject.app */;
			productType = "com.apple.product-type.application";
		};
		2FA3822B1A03E6C500D1B0FF /* FirstProjectTests */ = {
			isa = PBXNativeTarget;
			buildConfigurationList = 2FA382391A03E6C500D1B0FF /* Build configuration list for PBXNativeTarget "FirstProjectTests" */;
			buildPhases = (
				2FA382281A03E6C500D1B0FF /* Sources */,
				2FA382291A03E6C500D1B0FF /* Frameworks */,
				2FA3822A1A03E6C500D1B0FF /* Resources */,
			);
			buildRules = (
			);
			dependencies = (
				2FA3822E1A03E6C500D1B0FF /* PBXTargetDependency */,
			);
			name = FirstProjectTests;
			productName = FirstProjectTests;
			productReference = 2FA3822C1A03E6C500D1B0FF /* FirstProjectTests.xctest */;
			productType = "com.apple.product-type.bundle.unit-test";
		};
/* End PBXNativeTarget section */

/* Begin PBXProject section */
		2FA3820F1A03E6C500D1B0FF /* Project object */ = {
			isa = PBXProject;
			attributes = {
				LastUpgradeCheck = 0610;
				ORGANIZATIONNAME = "Filippo Nicolini";
				TargetAttributes = {
					2FA382161A03E6C500D1B0FF = {
						CreatedOnToolsVersion = 6.1;
					};
					2FA3822B1A03E6C500D1B0FF = {
						CreatedOnToolsVersion = 6.1;
						TestTargetID = 2FA382161A03E6C500D1B0FF;
					};
				};
			};
			buildConfigurationList = 2FA382121A03E6C500D1B0FF /* Build configuration list for PBXProject "FirstProject" */;
			compatibilityVersion = "Xcode 3.2";
			developmentRegion = English;
			hasScannedForEncodings = 0;
			knownRegions = (
				en,
				Base,
			);
			mainGroup = 2FA3820E1A03E6C500D1B0FF;
			productRefGroup = 2FA382181A03E6C500D1B0FF /* Products */;
			projectDirPath = "";
			projectRoot = "";
			targets = (
				2FA382161A03E6C500D1B0FF /* FirstProject */,
				2FA3822B1A03E6C500D1B0FF /* FirstProjectTests */,
			);
		};
/* End PBXProject section */

/* Begin PBXResourcesBuildPhase section */
		2FA382151A03E6C500D1B0FF /* Resources */ = {
			isa = PBXResourcesBuildPhase;
			buildActionMask = 2147483647;
			files = (
				2FA382221A03E6C500D1B0FF /* Main.storyboard in Resources */,
				2FA382271A03E6C500D1B0FF /* LaunchScreen.xib in Resources */,
				2FA382241A03E6C500D1B0FF /* Images.xcassets in Resources */,
			);
			runOnlyForDeploymentPostprocessing = 0;
		};
		2FA3822A1A03E6C500D1B0FF /* Resources */ = {
			isa = PBXResourcesBuildPhase;
			buildActionMask = 2147483647;
			files = (
			);
			runOnlyForDeploymentPostprocessing = 0;
		};
/* End PBXResourcesBuildPhase section */

/* Begin PBXSourcesBuildPhase section */
		2FA382131A03E6C500D1B0FF /* Sources */ = {
			isa = PBXSourcesBuildPhase;
			buildActionMask = 2147483647;
			files = (
				2FA3821F1A03E6C500D1B0FF /* ViewController.swift in Sources */,
				2FA3821D1A03E6C500D1B0FF /* AppDelegate.swift in Sources */,
			);
			runOnlyForDeploymentPostprocessing = 0;
		};
		2FA382281A03E6C500D1B0FF /* Sources */ = {
			isa = PBXSourcesBuildPhase;
			buildActionMask = 2147483647;
			files = (
				2FA382331A03E6C500D1B0FF /* FirstProjectTests.swift in Sources */,
			);
			runOnlyForDeploymentPostprocessing = 0;
		};
/* End PBXSourcesBuildPhase section */

/* Begin PBXTargetDependency section */
		2FA3822E1A03E6C500D1B0FF /* PBXTargetDependency */ = {
			isa = PBXTargetDependency;
			target = 2FA382161A03E6C500D1B0FF /* FirstProject */;
			targetProxy = 2FA3822D1A03E6C500D1B0FF /* PBXContainerItemProxy */;
		};
/* End PBXTargetDependency section */

/* Begin PBXVariantGroup section */
		2FA382201A03E6C500D1B0FF /* Main.storyboard */ = {
			isa = PBXVariantGroup;
			children = (
				2FA382211A03E6C500D1B0FF /* Base */,
			);
			name = Main.storyboard;
			sourceTree = "<group>";
		};
		2FA382251A03E6C500D1B0FF /* LaunchScreen.xib */ = {
			isa = PBXVariantGroup;
			children = (
				2FA382261A03E6C500D1B0FF /* Base */,
			);
			name = LaunchScreen.xib;
			sourceTree = "<group>";
		};
/* End PBXVariantGroup section */

/* Begin XCBuildConfiguration section */
		2FA382341A03E6C500D1B0FF /* Debug */ = {
			isa = XCBuildConfiguration;
			buildSettings = {
				ALWAYS_SEARCH_USER_PATHS = NO;
				CLANG_CXX_LANGUAGE_STANDARD = "gnu++0x";
				CLANG_CXX_LIBRARY = "libc++";
				CLANG_ENABLE_MODULES = YES;
				CLANG_ENABLE_OBJC_ARC = YES;
				CLANG_WARN_BOOL_CONVERSION = YES;
				CLANG_WARN_CONSTANT_CONVERSION = YES;
				CLANG_WARN_DIRECT_OBJC_ISA_USAGE = YES_ERROR;
				CLANG_WARN_EMPTY_BODY = YES;
				CLANG_WARN_ENUM_CONVERSION = YES;
				CLANG_WARN_INT_CONVERSION = YES;
				CLANG_WARN_OBJC_ROOT_CLASS = YES_ERROR;
				CLANG_WARN_UNREACHABLE_CODE = YES;
				CLANG_WARN__DUPLICATE_METHOD_MATCH = YES;
				"CODE_SIGN_IDENTITY[sdk=iphoneos*]" = "iPhone Developer";
				COPY_PHASE_STRIP = NO;
				ENABLE_STRICT_OBJC_MSGSEND = YES;
				GCC_C_LANGUAGE_STANDARD = gnu99;
				GCC_DYNAMIC_NO_PIC = NO;
				GCC_OPTIMIZATION_LEVEL = 0;
				GCC_PREPROCESSOR_DEFINITIONS = (
					"DEBUG=1",
					"$(inherited)",
				);
				GCC_SYMBOLS_PRIVATE_EXTERN = NO;
				GCC_WARN_64_TO_32_BIT_CONVERSION = YES;
				GCC_WARN_ABOUT_RETURN_TYPE = YES_ERROR;
				GCC_WARN_UNDECLARED_SELECTOR = YES;
				GCC_WARN_UNINITIALIZED_AUTOS = YES_AGGRESSIVE;
				GCC_WARN_UNUSED_FUNCTION = YES;
				GCC_WARN_UNUSED_VARIABLE = YES;
				IPHONEOS_DEPLOYMENT_TARGET = 8.1;
				MTL_ENABLE_DEBUG_INFO = YES;
				ONLY_ACTIVE_ARCH = YES;
				SDKROOT = iphoneos;
				SWIFT_OPTIMIZATION_LEVEL = "-Onone";
				TARGETED_DEVICE_FAMILY = "1,2";
			};
			name = Debug;
		};
		2FA382351A03E6C500D1B0FF /* Release */ = {
			isa = XCBuildConfiguration;
			buildSettings = {
				ALWAYS_SEARCH_USER_PATHS = NO;
				CLANG_CXX_LANGUAGE_STANDARD = "gnu++0x";
				CLANG_CXX_LIBRARY = "libc++";
				CLANG_ENABLE_MODULES = YES;
				CLANG_ENABLE_OBJC_ARC = YES;
				CLANG_WARN_BOOL_CONVERSION = YES;
				CLANG_WARN_CONSTANT_CONVERSION = YES;
				CLANG_WARN_DIRECT_OBJC_ISA_USAGE = YES_ERROR;
				CLANG_WARN_EMPTY_BODY = YES;
				CLANG_WARN_ENUM_CONVERSION = YES;
				CLANG_WARN_INT_CONVERSION = YES;
				CLANG_WARN_OBJC_ROOT_CLASS = YES_ERROR;
				CLANG_WARN_UNREACHABLE_CODE = YES;
				CLANG_WARN__DUPLICATE_METHOD_MATCH = YES;
				"CODE_SIGN_IDENTITY[sdk=iphoneos*]" = "iPhone Developer";
				COPY_PHASE_STRIP = YES;
				ENABLE_NS_ASSERTIONS = NO;
				ENABLE_STRICT_OBJC_MSGSEND = YES;
				GCC_C_LANGUAGE_STANDARD = gnu99;
				GCC_WARN_64_TO_32_BIT_CONVERSION = YES;
				GCC_WARN_ABOUT_RETURN_TYPE = YES_ERROR;
				GCC_WARN_UNDECLARED_SELECTOR = YES;
				GCC_WARN_UNINITIALIZED_AUTOS = YES_AGGRESSIVE;
				GCC_WARN_UNUSED_FUNCTION = YES;
				GCC_WARN_UNUSED_VARIABLE = YES;
				IPHONEOS_DEPLOYMENT_TARGET = 8.1;
				MTL_ENABLE_DEBUG_INFO = NO;
				SDKROOT = iphoneos;
				TARGETED_DEVICE_FAMILY = "1,2";
				VALIDATE_PRODUCT = YES;
			};
			name = Release;
		};
		2FA382371A03E6C500D1B0FF /* Debug */ = {
			isa = XCBuildConfiguration;
			buildSettings = {
				ASSETCATALOG_COMPILER_APPICON_NAME = AppIcon;
				INFOPLIST_FILE = FirstProject/Info.plist;
				LD_RUNPATH_SEARCH_PATHS = "$(inherited) @executable_path/Frameworks";
				PRODUCT_NAME = "$(TARGET_NAME)";
			};
			name = Debug;
		};
		2FA382381A03E6C500D1B0FF /* Release */ = {
			isa = XCBuildConfiguration;
			buildSettings = {
				ASSETCATALOG_COMPILER_APPICON_NAME = AppIcon;
				INFOPLIST_FILE = FirstProject/Info.plist;
				LD_RUNPATH_SEARCH_PATHS = "$(inherited) @executable_path/Frameworks";
				PRODUCT_NAME = "$(TARGET_NAME)";
			};
			name = Release;
		};
		2FA3823A1A03E6C500D1B0FF /* Debug */ = {
			isa = XCBuildConfiguration;
			buildSettings = {
				BUNDLE_LOADER = "$(TEST_HOST)";
				FRAMEWORK_SEARCH_PATHS = (
					"$(SDKROOT)/Developer/Library/Frameworks",
					"$(inherited)",
				);
				GCC_PREPROCESSOR_DEFINITIONS = (
					"DEBUG=1",
					"$(inherited)",
				);
				INFOPLIST_FILE = FirstProjectTests/Info.plist;
				LD_RUNPATH_SEARCH_PATHS = "$(inherited) @executable_path/Frameworks @loader_path/Frameworks";
				PRODUCT_NAME = "$(TARGET_NAME)";
				TEST_HOST = "$(BUILT_PRODUCTS_DIR)/FirstProject.app/FirstProject";
			};
			name = Debug;
		};
		2FA3823B1A03E6C500D1B0FF /* Release */ = {
			isa = XCBuildConfiguration;
			buildSettings = {
				BUNDLE_LOADER = "$(TEST_HOST)";
				FRAMEWORK_SEARCH_PATHS = (
					"$(SDKROOT)/Developer/Library/Frameworks",
					"$(inherited)",
				);
				INFOPLIST_FILE = FirstProjectTests/Info.plist;
				LD_RUNPATH_SEARCH_PATHS = "$(inherited) @executable_path/Frameworks @loader_path/Frameworks";
				PRODUCT_NAME = "$(TARGET_NAME)";
				TEST_HOST = "$(BUILT_PRODUCTS_DIR)/FirstProject.app/FirstProject";
			};
			name = Release;
		};
/* End XCBuildConfiguration section */

/* Begin XCConfigurationList section */
		2FA382121A03E6C500D1B0FF /* Build configuration list for PBXProject "FirstProject" */ = {
			isa = XCConfigurationList;
			buildConfigurations = (
				2FA382341A03E6C500D1B0FF /* Debug */,
				2FA382351A03E6C500D1B0FF /* Release */,
			);
			defaultConfigurationIsVisible = 0;
			defaultConfigurationName = Release;
		};
		2FA382361A03E6C500D1B0FF /* Build configuration list for PBXNativeTarget "FirstProject" */ = {
			isa = XCConfigurationList;
			buildConfigurations = (
				2FA382371A03E6C500D1B0FF /* Debug */,
				2FA382381A03E6C500D1B0FF /* Release */,
			);
			defaultConfigurationIsVisible = 0;
		};
		2FA382391A03E6C500D1B0FF /* Build configuration list for PBXNativeTarget "FirstProjectTests" */ = {
			isa = XCConfigurationList;
			buildConfigurations = (
				2FA3823A1A03E6C500D1B0FF /* Debug */,
				2FA3823B1A03E6C500D1B0FF /* Release */,
			);
			defaultConfigurationIsVisible = 0;
		};
/* End XCConfigurationList section */
	};
	rootObject = 2FA3820F1A03E6C500D1B0FF /* Project object */;
}
