// !$*UTF8*$!
{
	archiveVersion = 1;
	classes = {
	};
	objectVersion = 46;
	objects = {

/* Begin PBXBuildFile section */
		81AAA7331A03EB4200BEE31C /* AppDelegate.swift in Sources */ = {isa = PBXBuildFile; fileRef = 81AAA7321A03EB4200BEE31C /* AppDelegate.swift */; };
		81AAA7361A03EB4200BEE31C /* CounterApp.xcdatamodeld in Sources */ = {isa = PBXBuildFile; fileRef = 81AAA7341A03EB4200BEE31C /* CounterApp.xcdatamodeld */; };
		81AAA7381A03EB4200BEE31C /* ViewController.swift in Sources */ = {isa = PBXBuildFile; fileRef = 81AAA7371A03EB4200BEE31C /* ViewController.swift */; };
		81AAA73B1A03EB4200BEE31C /* Main.storyboard in Resources */ = {isa = PBXBuildFile; fileRef = 81AAA7391A03EB4200BEE31C /* Main.storyboard */; };
		81AAA73D1A03EB4200BEE31C /* Images.xcassets in Resources */ = {isa = PBXBuildFile; fileRef = 81AAA73C1A03EB4200BEE31C /* Images.xcassets */; };
		81AAA7401A03EB4200BEE31C /* LaunchScreen.xib in Resources */ = {isa = PBXBuildFile; fileRef = 81AAA73E1A03EB4200BEE31C /* LaunchScreen.xib */; };
		81AAA74C1A03EB4200BEE31C /* CounterAppTests.swift in Sources */ = {isa = PBXBuildFile; fileRef = 81AAA74B1A03EB4200BEE31C /* CounterAppTests.swift */; };
/* End PBXBuildFile section */

/* Begin PBXContainerItemProxy section */
		81AAA7461A03EB4200BEE31C /* PBXContainerItemProxy */ = {
			isa = PBXContainerItemProxy;
			containerPortal = 81AAA7251A03EB4200BEE31C /* Project object */;
			proxyType = 1;
			remoteGlobalIDString = 81AAA72C1A03EB4200BEE31C;
			remoteInfo = CounterApp;
		};
/* End PBXContainerItemProxy section */

/* Begin PBXFileReference section */
		81AAA72D1A03EB4200BEE31C /* CounterApp.app */ = {isa = PBXFileReference; explicitFileType = wrapper.application; includeInIndex = 0; path = CounterApp.app; sourceTree = BUILT_PRODUCTS_DIR; };
		81AAA7311A03EB4200BEE31C /* Info.plist */ = {isa = PBXFileReference; lastKnownFileType = text.plist.xml; path = Info.plist; sourceTree = "<group>"; };
		81AAA7321A03EB4200BEE31C /* AppDelegate.swift */ = {isa = PBXFileReference; lastKnownFileType = sourcecode.swift; path = AppDelegate.swift; sourceTree = "<group>"; };
		81AAA7351A03EB4200BEE31C /* CounterApp.xcdatamodel */ = {isa = PBXFileReference; lastKnownFileType = wrapper.xcdatamodel; path = CounterApp.xcdatamodel; sourceTree = "<group>"; };
		81AAA7371A03EB4200BEE31C /* ViewController.swift */ = {isa = PBXFileReference; lastKnownFileType = sourcecode.swift; path = ViewController.swift; sourceTree = "<group>"; };
		81AAA73A1A03EB4200BEE31C /* Base */ = {isa = PBXFileReference; lastKnownFileType = file.storyboard; name = Base; path = Base.lproj/Main.storyboard; sourceTree = "<group>"; };
		81AAA73C1A03EB4200BEE31C /* Images.xcassets */ = {isa = PBXFileReference; lastKnownFileType = folder.assetcatalog; path = Images.xcassets; sourceTree = "<group>"; };
		81AAA73F1A03EB4200BEE31C /* Base */ = {isa = PBXFileReference; lastKnownFileType = file.xib; name = Base; path = Base.lproj/LaunchScreen.xib; sourceTree = "<group>"; };
		81AAA7451A03EB4200BEE31C /* CounterAppTests.xctest */ = {isa = PBXFileReference; explicitFileType = wrapper.cfbundle; includeInIndex = 0; path = CounterAppTests.xctest; sourceTree = BUILT_PRODUCTS_DIR; };
		81AAA74A1A03EB4200BEE31C /* Info.plist */ = {isa = PBXFileReference; lastKnownFileType = text.plist.xml; path = Info.plist; sourceTree = "<group>"; };
		81AAA74B1A03EB4200BEE31C /* CounterAppTests.swift */ = {isa = PBXFileReference; lastKnownFileType = sourcecode.swift; path = CounterAppTests.swift; sourceTree = "<group>"; };
/* End PBXFileReference section */

/* Begin PBXFrameworksBuildPhase section */
		81AAA72A1A03EB4200BEE31C /* Frameworks */ = {
			isa = PBXFrameworksBuildPhase;
			buildActionMask = 2147483647;
			files = (
			);
			runOnlyForDeploymentPostprocessing = 0;
		};
		81AAA7421A03EB4200BEE31C /* Frameworks */ = {
			isa = PBXFrameworksBuildPhase;
			buildActionMask = 2147483647;
			files = (
			);
			runOnlyForDeploymentPostprocessing = 0;
		};
/* End PBXFrameworksBuildPhase section */

/* Begin PBXGroup section */
		81AAA7241A03EB4200BEE31C = {
			isa = PBXGroup;
			children = (
				81AAA72F1A03EB4200BEE31C /* CounterApp */,
				81AAA7481A03EB4200BEE31C /* CounterAppTests */,
				81AAA72E1A03EB4200BEE31C /* Products */,
			);
			sourceTree = "<group>";
		};
		81AAA72E1A03EB4200BEE31C /* Products */ = {
			isa = PBXGroup;
			children = (
				81AAA72D1A03EB4200BEE31C /* CounterApp.app */,
				81AAA7451A03EB4200BEE31C /* CounterAppTests.xctest */,
			);
			name = Products;
			sourceTree = "<group>";
		};
		81AAA72F1A03EB4200BEE31C /* CounterApp */ = {
			isa = PBXGroup;
			children = (
				81AAA7321A03EB4200BEE31C /* AppDelegate.swift */,
				81AAA7371A03EB4200BEE31C /* ViewController.swift */,
				81AAA7391A03EB4200BEE31C /* Main.storyboard */,
				81AAA73C1A03EB4200BEE31C /* Images.xcassets */,
				81AAA73E1A03EB4200BEE31C /* LaunchScreen.xib */,
				81AAA7341A03EB4200BEE31C /* CounterApp.xcdatamodeld */,
				81AAA7301A03EB4200BEE31C /* Supporting Files */,
			);
			path = CounterApp;
			sourceTree = "<group>";
		};
		81AAA7301A03EB4200BEE31C /* Supporting Files */ = {
			isa = PBXGroup;
			children = (
				81AAA7311A03EB4200BEE31C /* Info.plist */,
			);
			name = "Supporting Files";
			sourceTree = "<group>";
		};
		81AAA7481A03EB4200BEE31C /* CounterAppTests */ = {
			isa = PBXGroup;
			children = (
				81AAA74B1A03EB4200BEE31C /* CounterAppTests.swift */,
				81AAA7491A03EB4200BEE31C /* Supporting Files */,
			);
			path = CounterAppTests;
			sourceTree = "<group>";
		};
		81AAA7491A03EB4200BEE31C /* Supporting Files */ = {
			isa = PBXGroup;
			children = (
				81AAA74A1A03EB4200BEE31C /* Info.plist */,
			);
			name = "Supporting Files";
			sourceTree = "<group>";
		};
/* End PBXGroup section */

/* Begin PBXNativeTarget section */
		81AAA72C1A03EB4200BEE31C /* CounterApp */ = {
			isa = PBXNativeTarget;
			buildConfigurationList = 81AAA74F1A03EB4200BEE31C /* Build configuration list for PBXNativeTarget "CounterApp" */;
			buildPhases = (
				81AAA7291A03EB4200BEE31C /* Sources */,
				81AAA72A1A03EB4200BEE31C /* Frameworks */,
				81AAA72B1A03EB4200BEE31C /* Resources */,
			);
			buildRules = (
			);
			dependencies = (
			);
			name = CounterApp;
			productName = CounterApp;
			productReference = 81AAA72D1A03EB4200BEE31C /* CounterApp.app */;
			productType = "com.apple.product-type.application";
		};
		81AAA7441A03EB4200BEE31C /* CounterAppTests */ = {
			isa = PBXNativeTarget;
			buildConfigurationList = 81AAA7521A03EB4200BEE31C /* Build configuration list for PBXNativeTarget "CounterAppTests" */;
			buildPhases = (
				81AAA7411A03EB4200BEE31C /* Sources */,
				81AAA7421A03EB4200BEE31C /* Frameworks */,
				81AAA7431A03EB4200BEE31C /* Resources */,
			);
			buildRules = (
			);
			dependencies = (
				81AAA7471A03EB4200BEE31C /* PBXTargetDependency */,
			);
			name = CounterAppTests;
			productName = CounterAppTests;
			productReference = 81AAA7451A03EB4200BEE31C /* CounterAppTests.xctest */;
			productType = "com.apple.product-type.bundle.unit-test";
		};
/* End PBXNativeTarget section */

/* Begin PBXProject section */
		81AAA7251A03EB4200BEE31C /* Project object */ = {
			isa = PBXProject;
			attributes = {
				LastUpgradeCheck = 0610;
				ORGANIZATIONNAME = "Luca Pascucci";
				TargetAttributes = {
					81AAA72C1A03EB4200BEE31C = {
						CreatedOnToolsVersion = 6.1;
					};
					81AAA7441A03EB4200BEE31C = {
						CreatedOnToolsVersion = 6.1;
						TestTargetID = 81AAA72C1A03EB4200BEE31C;
					};
				};
			};
			buildConfigurationList = 81AAA7281A03EB4200BEE31C /* Build configuration list for PBXProject "CounterApp" */;
			compatibilityVersion = "Xcode 3.2";
			developmentRegion = English;
			hasScannedForEncodings = 0;
			knownRegions = (
				en,
				Base,
			);
			mainGroup = 81AAA7241A03EB4200BEE31C;
			productRefGroup = 81AAA72E1A03EB4200BEE31C /* Products */;
			projectDirPath = "";
			projectRoot = "";
			targets = (
				81AAA72C1A03EB4200BEE31C /* CounterApp */,
				81AAA7441A03EB4200BEE31C /* CounterAppTests */,
			);
		};
/* End PBXProject section */

/* Begin PBXResourcesBuildPhase section */
		81AAA72B1A03EB4200BEE31C /* Resources */ = {
			isa = PBXResourcesBuildPhase;
			buildActionMask = 2147483647;
			files = (
				81AAA73B1A03EB4200BEE31C /* Main.storyboard in Resources */,
				81AAA7401A03EB4200BEE31C /* LaunchScreen.xib in Resources */,
				81AAA73D1A03EB4200BEE31C /* Images.xcassets in Resources */,
			);
			runOnlyForDeploymentPostprocessing = 0;
		};
		81AAA7431A03EB4200BEE31C /* Resources */ = {
			isa = PBXResourcesBuildPhase;
			buildActionMask = 2147483647;
			files = (
			);
			runOnlyForDeploymentPostprocessing = 0;
		};
/* End PBXResourcesBuildPhase section */

/* Begin PBXSourcesBuildPhase section */
		81AAA7291A03EB4200BEE31C /* Sources */ = {
			isa = PBXSourcesBuildPhase;
			buildActionMask = 2147483647;
			files = (
				81AAA7381A03EB4200BEE31C /* ViewController.swift in Sources */,
				81AAA7361A03EB4200BEE31C /* CounterApp.xcdatamodeld in Sources */,
				81AAA7331A03EB4200BEE31C /* AppDelegate.swift in Sources */,
			);
			runOnlyForDeploymentPostprocessing = 0;
		};
		81AAA7411A03EB4200BEE31C /* Sources */ = {
			isa = PBXSourcesBuildPhase;
			buildActionMask = 2147483647;
			files = (
				81AAA74C1A03EB4200BEE31C /* CounterAppTests.swift in Sources */,
			);
			runOnlyForDeploymentPostprocessing = 0;
		};
/* End PBXSourcesBuildPhase section */

/* Begin PBXTargetDependency section */
		81AAA7471A03EB4200BEE31C /* PBXTargetDependency */ = {
			isa = PBXTargetDependency;
			target = 81AAA72C1A03EB4200BEE31C /* CounterApp */;
			targetProxy = 81AAA7461A03EB4200BEE31C /* PBXContainerItemProxy */;
		};
/* End PBXTargetDependency section */

/* Begin PBXVariantGroup section */
		81AAA7391A03EB4200BEE31C /* Main.storyboard */ = {
			isa = PBXVariantGroup;
			children = (
				81AAA73A1A03EB4200BEE31C /* Base */,
			);
			name = Main.storyboard;
			sourceTree = "<group>";
		};
		81AAA73E1A03EB4200BEE31C /* LaunchScreen.xib */ = {
			isa = PBXVariantGroup;
			children = (
				81AAA73F1A03EB4200BEE31C /* Base */,
			);
			name = LaunchScreen.xib;
			sourceTree = "<group>";
		};
/* End PBXVariantGroup section */

/* Begin XCBuildConfiguration section */
		81AAA74D1A03EB4200BEE31C /* Debug */ = {
			isa = XCBuildConfiguration;
			buildSettings = {
				ALWAYS_SEARCH_USER_PATHS = NO;
				CLANG_CXX_LANGUAGE_STANDARD = "gnu++0x";
				CLANG_CXX_LIBRARY = "libc++";
				CLANG_ENABLE_MODULES = YES;
				CLANG_ENABLE_OBJC_ARC = YES;
				CLANG_WARN_BOOL_CONVERSION = YES;
				CLANG_WARN_CONSTANT_CONVERSION = YES;
				CLANG_WARN_DIRECT_OBJC_ISA_USAGE = YES_ERROR;
				CLANG_WARN_EMPTY_BODY = YES;
				CLANG_WARN_ENUM_CONVERSION = YES;
				CLANG_WARN_INT_CONVERSION = YES;
				CLANG_WARN_OBJC_ROOT_CLASS = YES_ERROR;
				CLANG_WARN_UNREACHABLE_CODE = YES;
				CLANG_WARN__DUPLICATE_METHOD_MATCH = YES;
				"CODE_SIGN_IDENTITY[sdk=iphoneos*]" = "iPhone Developer";
				COPY_PHASE_STRIP = NO;
				ENABLE_STRICT_OBJC_MSGSEND = YES;
				GCC_C_LANGUAGE_STANDARD = gnu99;
				GCC_DYNAMIC_NO_PIC = NO;
				GCC_OPTIMIZATION_LEVEL = 0;
				GCC_PREPROCESSOR_DEFINITIONS = (
					"DEBUG=1",
					"$(inherited)",
				);
				GCC_SYMBOLS_PRIVATE_EXTERN = NO;
				GCC_WARN_64_TO_32_BIT_CONVERSION = YES;
				GCC_WARN_ABOUT_RETURN_TYPE = YES_ERROR;
				GCC_WARN_UNDECLARED_SELECTOR = YES;
				GCC_WARN_UNINITIALIZED_AUTOS = YES_AGGRESSIVE;
				GCC_WARN_UNUSED_FUNCTION = YES;
				GCC_WARN_UNUSED_VARIABLE = YES;
				IPHONEOS_DEPLOYMENT_TARGET = 8.1;
				MTL_ENABLE_DEBUG_INFO = YES;
				ONLY_ACTIVE_ARCH = YES;
				SDKROOT = iphoneos;
				SWIFT_OPTIMIZATION_LEVEL = "-Onone";
			};
			name = Debug;
		};
		81AAA74E1A03EB4200BEE31C /* Release */ = {
			isa = XCBuildConfiguration;
			buildSettings = {
				ALWAYS_SEARCH_USER_PATHS = NO;
				CLANG_CXX_LANGUAGE_STANDARD = "gnu++0x";
				CLANG_CXX_LIBRARY = "libc++";
				CLANG_ENABLE_MODULES = YES;
				CLANG_ENABLE_OBJC_ARC = YES;
				CLANG_WARN_BOOL_CONVERSION = YES;
				CLANG_WARN_CONSTANT_CONVERSION = YES;
				CLANG_WARN_DIRECT_OBJC_ISA_USAGE = YES_ERROR;
				CLANG_WARN_EMPTY_BODY = YES;
				CLANG_WARN_ENUM_CONVERSION = YES;
				CLANG_WARN_INT_CONVERSION = YES;
				CLANG_WARN_OBJC_ROOT_CLASS = YES_ERROR;
				CLANG_WARN_UNREACHABLE_CODE = YES;
				CLANG_WARN__DUPLICATE_METHOD_MATCH = YES;
				"CODE_SIGN_IDENTITY[sdk=iphoneos*]" = "iPhone Developer";
				COPY_PHASE_STRIP = YES;
				ENABLE_NS_ASSERTIONS = NO;
				ENABLE_STRICT_OBJC_MSGSEND = YES;
				GCC_C_LANGUAGE_STANDARD = gnu99;
				GCC_WARN_64_TO_32_BIT_CONVERSION = YES;
				GCC_WARN_ABOUT_RETURN_TYPE = YES_ERROR;
				GCC_WARN_UNDECLARED_SELECTOR = YES;
				GCC_WARN_UNINITIALIZED_AUTOS = YES_AGGRESSIVE;
				GCC_WARN_UNUSED_FUNCTION = YES;
				GCC_WARN_UNUSED_VARIABLE = YES;
				IPHONEOS_DEPLOYMENT_TARGET = 8.1;
				MTL_ENABLE_DEBUG_INFO = NO;
				SDKROOT = iphoneos;
				VALIDATE_PRODUCT = YES;
			};
			name = Release;
		};
		81AAA7501A03EB4200BEE31C /* Debug */ = {
			isa = XCBuildConfiguration;
			buildSettings = {
				ASSETCATALOG_COMPILER_APPICON_NAME = AppIcon;
				INFOPLIST_FILE = CounterApp/Info.plist;
				LD_RUNPATH_SEARCH_PATHS = "$(inherited) @executable_path/Frameworks";
				PRODUCT_NAME = "$(TARGET_NAME)";
				TARGETED_DEVICE_FAMILY = 1;
			};
			name = Debug;
		};
		81AAA7511A03EB4200BEE31C /* Release */ = {
			isa = XCBuildConfiguration;
			buildSettings = {
				ASSETCATALOG_COMPILER_APPICON_NAME = AppIcon;
				INFOPLIST_FILE = CounterApp/Info.plist;
				LD_RUNPATH_SEARCH_PATHS = "$(inherited) @executable_path/Frameworks";
				PRODUCT_NAME = "$(TARGET_NAME)";
				TARGETED_DEVICE_FAMILY = 1;
			};
			name = Release;
		};
		81AAA7531A03EB4200BEE31C /* Debug */ = {
			isa = XCBuildConfiguration;
			buildSettings = {
				BUNDLE_LOADER = "$(TEST_HOST)";
				FRAMEWORK_SEARCH_PATHS = (
					"$(SDKROOT)/Developer/Library/Frameworks",
					"$(inherited)",
				);
				GCC_PREPROCESSOR_DEFINITIONS = (
					"DEBUG=1",
					"$(inherited)",
				);
				INFOPLIST_FILE = CounterAppTests/Info.plist;
				LD_RUNPATH_SEARCH_PATHS = "$(inherited) @executable_path/Frameworks @loader_path/Frameworks";
				PRODUCT_NAME = "$(TARGET_NAME)";
				TEST_HOST = "$(BUILT_PRODUCTS_DIR)/CounterApp.app/CounterApp";
			};
			name = Debug;
		};
		81AAA7541A03EB4200BEE31C /* Release */ = {
			isa = XCBuildConfiguration;
			buildSettings = {
				BUNDLE_LOADER = "$(TEST_HOST)";
				FRAMEWORK_SEARCH_PATHS = (
					"$(SDKROOT)/Developer/Library/Frameworks",
					"$(inherited)",
				);
				INFOPLIST_FILE = CounterAppTests/Info.plist;
				LD_RUNPATH_SEARCH_PATHS = "$(inherited) @executable_path/Frameworks @loader_path/Frameworks";
				PRODUCT_NAME = "$(TARGET_NAME)";
				TEST_HOST = "$(BUILT_PRODUCTS_DIR)/CounterApp.app/CounterApp";
			};
			name = Release;
		};
/* End XCBuildConfiguration section */

/* Begin XCConfigurationList section */
		81AAA7281A03EB4200BEE31C /* Build configuration list for PBXProject "CounterApp" */ = {
			isa = XCConfigurationList;
			buildConfigurations = (
				81AAA74D1A03EB4200BEE31C /* Debug */,
				81AAA74E1A03EB4200BEE31C /* Release */,
			);
			defaultConfigurationIsVisible = 0;
			defaultConfigurationName = Release;
		};
		81AAA74F1A03EB4200BEE31C /* Build configuration list for PBXNativeTarget "CounterApp" */ = {
			isa = XCConfigurationList;
			buildConfigurations = (
				81AAA7501A03EB4200BEE31C /* Debug */,
				81AAA7511A03EB4200BEE31C /* Release */,
			);
			defaultConfigurationIsVisible = 0;
			defaultConfigurationName = Release;
		};
		81AAA7521A03EB4200BEE31C /* Build configuration list for PBXNativeTarget "CounterAppTests" */ = {
			isa = XCConfigurationList;
			buildConfigurations = (
				81AAA7531A03EB4200BEE31C /* Debug */,
				81AAA7541A03EB4200BEE31C /* Release */,
			);
			defaultConfigurationIsVisible = 0;
			defaultConfigurationName = Release;
		};
/* End XCConfigurationList section */

/* Begin XCVersionGroup section */
		81AAA7341A03EB4200BEE31C /* CounterApp.xcdatamodeld */ = {
			isa = XCVersionGroup;
			children = (
				81AAA7351A03EB4200BEE31C /* CounterApp.xcdatamodel */,
			);
			currentVersion = 81AAA7351A03EB4200BEE31C /* CounterApp.xcdatamodel */;
			path = CounterApp.xcdatamodeld;
			sourceTree = "<group>";
			versionGroupType = wrapper.xcdatamodel;
		};
/* End XCVersionGroup section */
	};
	rootObject = 81AAA7251A03EB4200BEE31C /* Project object */;
}
