// !$*UTF8*$!
{
	archiveVersion = 1;
	classes = {
	};
	objectVersion = 46;
	objects = {

/* Begin PBXBuildFile section */
		817B2D051A082C630056B6F6 /* Funzioni.swift in Sources */ = {isa = PBXBuildFile; fileRef = 817B2D041A082C630056B6F6 /* Funzioni.swift */; };
		88941E821A08173600B1C274 /* main.swift in Sources */ = {isa = PBXBuildFile; fileRef = 88941E811A08173600B1C274 /* main.swift */; };
		88941E891A08175900B1C274 /* Square.swift in Sources */ = {isa = PBXBuildFile; fileRef = 88941E881A08175900B1C274 /* Square.swift */; };
		88941E8B1A08178500B1C274 /* NamedShape.swift in Sources */ = {isa = PBXBuildFile; fileRef = 88941E8A1A08178500B1C274 /* NamedShape.swift */; };
/* End PBXBuildFile section */

/* Begin PBXCopyFilesBuildPhase section */
		88941E7C1A08173600B1C274 /* CopyFiles */ = {
			isa = PBXCopyFilesBuildPhase;
			buildActionMask = 2147483647;
			dstPath = /usr/share/man/man1/;
			dstSubfolderSpec = 0;
			files = (
			);
			runOnlyForDeploymentPostprocessing = 1;
		};
/* End PBXCopyFilesBuildPhase section */

/* Begin PBXFileReference section */
		817B2D041A082C630056B6F6 /* Funzioni.swift */ = {isa = PBXFileReference; fileEncoding = 4; lastKnownFileType = sourcecode.swift; path = Funzioni.swift; sourceTree = "<group>"; };
		88941E7E1A08173600B1C274 /* ApprendereSwift */ = {isa = PBXFileReference; explicitFileType = "compiled.mach-o.executable"; includeInIndex = 0; path = ApprendereSwift; sourceTree = BUILT_PRODUCTS_DIR; };
		88941E811A08173600B1C274 /* main.swift */ = {isa = PBXFileReference; lastKnownFileType = sourcecode.swift; path = main.swift; sourceTree = "<group>"; };
		88941E881A08175900B1C274 /* Square.swift */ = {isa = PBXFileReference; fileEncoding = 4; lastKnownFileType = sourcecode.swift; path = Square.swift; sourceTree = "<group>"; };
		88941E8A1A08178500B1C274 /* NamedShape.swift */ = {isa = PBXFileReference; fileEncoding = 4; lastKnownFileType = sourcecode.swift; path = NamedShape.swift; sourceTree = "<group>"; };
/* End PBXFileReference section */

/* Begin PBXFrameworksBuildPhase section */
		88941E7B1A08173600B1C274 /* Frameworks */ = {
			isa = PBXFrameworksBuildPhase;
			buildActionMask = 2147483647;
			files = (
			);
			runOnlyForDeploymentPostprocessing = 0;
		};
/* End PBXFrameworksBuildPhase section */

/* Begin PBXGroup section */
		88941E751A08173600B1C274 = {
			isa = PBXGroup;
			children = (
				88941E801A08173600B1C274 /* ApprendereSwift */,
				88941E7F1A08173600B1C274 /* Products */,
			);
			sourceTree = "<group>";
		};
		88941E7F1A08173600B1C274 /* Products */ = {
			isa = PBXGroup;
			children = (
				88941E7E1A08173600B1C274 /* ApprendereSwift */,
			);
			name = Products;
			sourceTree = "<group>";
		};
		88941E801A08173600B1C274 /* ApprendereSwift */ = {
			isa = PBXGroup;
			children = (
				88941E811A08173600B1C274 /* main.swift */,
				88941E881A08175900B1C274 /* Square.swift */,
				88941E8A1A08178500B1C274 /* NamedShape.swift */,
				817B2D041A082C630056B6F6 /* Funzioni.swift */,
			);
			path = ApprendereSwift;
			sourceTree = "<group>";
		};
/* End PBXGroup section */

/* Begin PBXNativeTarget section */
		88941E7D1A08173600B1C274 /* ApprendereSwift */ = {
			isa = PBXNativeTarget;
			buildConfigurationList = 88941E851A08173600B1C274 /* Build configuration list for PBXNativeTarget "ApprendereSwift" */;
			buildPhases = (
				88941E7A1A08173600B1C274 /* Sources */,
				88941E7B1A08173600B1C274 /* Frameworks */,
				88941E7C1A08173600B1C274 /* CopyFiles */,
			);
			buildRules = (
			);
			dependencies = (
			);
			name = ApprendereSwift;
			productName = ApprendereSwift;
			productReference = 88941E7E1A08173600B1C274 /* ApprendereSwift */;
			productType = "com.apple.product-type.tool";
		};
/* End PBXNativeTarget section */

/* Begin PBXProject section */
		88941E761A08173600B1C274 /* Project object */ = {
			isa = PBXProject;
			attributes = {
				LastUpgradeCheck = 0610;
				ORGANIZATIONNAME = "Luca Pascucci";
				TargetAttributes = {
					88941E7D1A08173600B1C274 = {
						CreatedOnToolsVersion = 6.1;
					};
				};
			};
			buildConfigurationList = 88941E791A08173600B1C274 /* Build configuration list for PBXProject "ApprendereSwift" */;
			compatibilityVersion = "Xcode 3.2";
			developmentRegion = English;
			hasScannedForEncodings = 0;
			knownRegions = (
				en,
			);
			mainGroup = 88941E751A08173600B1C274;
			productRefGroup = 88941E7F1A08173600B1C274 /* Products */;
			projectDirPath = "";
			projectRoot = "";
			targets = (
				88941E7D1A08173600B1C274 /* ApprendereSwift */,
			);
		};
/* End PBXProject section */

/* Begin PBXSourcesBuildPhase section */
		88941E7A1A08173600B1C274 /* Sources */ = {
			isa = PBXSourcesBuildPhase;
			buildActionMask = 2147483647;
			files = (
				88941E8B1A08178500B1C274 /* NamedShape.swift in Sources */,
				88941E891A08175900B1C274 /* Square.swift in Sources */,
				88941E821A08173600B1C274 /* main.swift in Sources */,
				817B2D051A082C630056B6F6 /* Funzioni.swift in Sources */,
			);
			runOnlyForDeploymentPostprocessing = 0;
		};
/* End PBXSourcesBuildPhase section */

/* Begin XCBuildConfiguration section */
		88941E831A08173600B1C274 /* Debug */ = {
			isa = XCBuildConfiguration;
			buildSettings = {
				ALWAYS_SEARCH_USER_PATHS = NO;
				CLANG_CXX_LANGUAGE_STANDARD = "gnu++0x";
				CLANG_CXX_LIBRARY = "libc++";
				CLANG_ENABLE_MODULES = YES;
				CLANG_ENABLE_OBJC_ARC = YES;
				CLANG_WARN_BOOL_CONVERSION = YES;
				CLANG_WARN_CONSTANT_CONVERSION = YES;
				CLANG_WARN_DIRECT_OBJC_ISA_USAGE = YES_ERROR;
				CLANG_WARN_EMPTY_BODY = YES;
				CLANG_WARN_ENUM_CONVERSION = YES;
				CLANG_WARN_INT_CONVERSION = YES;
				CLANG_WARN_OBJC_ROOT_CLASS = YES_ERROR;
				CLANG_WARN_UNREACHABLE_CODE = YES;
				CLANG_WARN__DUPLICATE_METHOD_MATCH = YES;
				COPY_PHASE_STRIP = NO;
				ENABLE_STRICT_OBJC_MSGSEND = YES;
				GCC_C_LANGUAGE_STANDARD = gnu99;
				GCC_DYNAMIC_NO_PIC = NO;
				GCC_OPTIMIZATION_LEVEL = 0;
				GCC_PREPROCESSOR_DEFINITIONS = (
					"DEBUG=1",
					"$(inherited)",
				);
				GCC_SYMBOLS_PRIVATE_EXTERN = NO;
				GCC_WARN_64_TO_32_BIT_CONVERSION = YES;
				GCC_WARN_ABOUT_RETURN_TYPE = YES_ERROR;
				GCC_WARN_UNDECLARED_SELECTOR = YES;
				GCC_WARN_UNINITIALIZED_AUTOS = YES_AGGRESSIVE;
				GCC_WARN_UNUSED_FUNCTION = YES;
				GCC_WARN_UNUSED_VARIABLE = YES;
				MACOSX_DEPLOYMENT_TARGET = 10.10;
				MTL_ENABLE_DEBUG_INFO = YES;
				ONLY_ACTIVE_ARCH = YES;
				SDKROOT = macosx;
				SWIFT_OPTIMIZATION_LEVEL = "-Onone";
			};
			name = Debug;
		};
		88941E841A08173600B1C274 /* Release */ = {
			isa = XCBuildConfiguration;
			buildSettings = {
				ALWAYS_SEARCH_USER_PATHS = NO;
				CLANG_CXX_LANGUAGE_STANDARD = "gnu++0x";
				CLANG_CXX_LIBRARY = "libc++";
				CLANG_ENABLE_MODULES = YES;
				CLANG_ENABLE_OBJC_ARC = YES;
				CLANG_WARN_BOOL_CONVERSION = YES;
				CLANG_WARN_CONSTANT_CONVERSION = YES;
				CLANG_WARN_DIRECT_OBJC_ISA_USAGE = YES_ERROR;
				CLANG_WARN_EMPTY_BODY = YES;
				CLANG_WARN_ENUM_CONVERSION = YES;
				CLANG_WARN_INT_CONVERSION = YES;
				CLANG_WARN_OBJC_ROOT_CLASS = YES_ERROR;
				CLANG_WARN_UNREACHABLE_CODE = YES;
				CLANG_WARN__DUPLICATE_METHOD_MATCH = YES;
				COPY_PHASE_STRIP = YES;
				DEBUG_INFORMATION_FORMAT = "dwarf-with-dsym";
				ENABLE_NS_ASSERTIONS = NO;
				ENABLE_STRICT_OBJC_MSGSEND = YES;
				GCC_C_LANGUAGE_STANDARD = gnu99;
				GCC_WARN_64_TO_32_BIT_CONVERSION = YES;
				GCC_WARN_ABOUT_RETURN_TYPE = YES_ERROR;
				GCC_WARN_UNDECLARED_SELECTOR = YES;
				GCC_WARN_UNINITIALIZED_AUTOS = YES_AGGRESSIVE;
				GCC_WARN_UNUSED_FUNCTION = YES;
				GCC_WARN_UNUSED_VARIABLE = YES;
				MACOSX_DEPLOYMENT_TARGET = 10.10;
				MTL_ENABLE_DEBUG_INFO = NO;
				SDKROOT = macosx;
			};
			name = Release;
		};
		88941E861A08173600B1C274 /* Debug */ = {
			isa = XCBuildConfiguration;
			buildSettings = {
				PRODUCT_NAME = "$(TARGET_NAME)";
			};
			name = Debug;
		};
		88941E871A08173600B1C274 /* Release */ = {
			isa = XCBuildConfiguration;
			buildSettings = {
				PRODUCT_NAME = "$(TARGET_NAME)";
			};
			name = Release;
		};
/* End XCBuildConfiguration section */

/* Begin XCConfigurationList section */
		88941E791A08173600B1C274 /* Build configuration list for PBXProject "ApprendereSwift" */ = {
			isa = XCConfigurationList;
			buildConfigurations = (
				88941E831A08173600B1C274 /* Debug */,
				88941E841A08173600B1C274 /* Release */,
			);
			defaultConfigurationIsVisible = 0;
			defaultConfigurationName = Release;
		};
		88941E851A08173600B1C274 /* Build configuration list for PBXNativeTarget "ApprendereSwift" */ = {
			isa = XCConfigurationList;
			buildConfigurations = (
				88941E861A08173600B1C274 /* Debug */,
				88941E871A08173600B1C274 /* Release */,
			);
			defaultConfigurationIsVisible = 0;
			defaultConfigurationName = Release;
		};
/* End XCConfigurationList section */
	};
	rootObject = 88941E761A08173600B1C274 /* Project object */;
}
