// !$*UTF8*$!
{
	archiveVersion = 1;
	classes = {
	};
	objectVersion = 46;
	objects = {

/* Begin PBXBuildFile section */
		81740BFA1A07DAFF004FA32F /* main.swift in Sources */ = {isa = PBXBuildFile; fileRef = 81740BF91A07DAFF004FA32F /* main.swift */; };
		81740C011A07DD08004FA32F /* NamedShape.swift in Sources */ = {isa = PBXBuildFile; fileRef = 81740C001A07DD08004FA32F /* NamedShape.swift */; };
		81740C031A07DF76004FA32F /* Square.swift in Sources */ = {isa = PBXBuildFile; fileRef = 81740C021A07DF76004FA32F /* Square.swift */; };
/* End PBXBuildFile section */

/* Begin PBXCopyFilesBuildPhase section */
		81740BF41A07DAFF004FA32F /* CopyFiles */ = {
			isa = PBXCopyFilesBuildPhase;
			buildActionMask = 2147483647;
			dstPath = /usr/share/man/man1/;
			dstSubfolderSpec = 0;
			files = (
			);
			runOnlyForDeploymentPostprocessing = 1;
		};
/* End PBXCopyFilesBuildPhase section */

/* Begin PBXFileReference section */
		81740BF61A07DAFF004FA32F /* ApprendereSwift */ = {isa = PBXFileReference; explicitFileType = "compiled.mach-o.executable"; includeInIndex = 0; path = ApprendereSwift; sourceTree = BUILT_PRODUCTS_DIR; };
		81740BF91A07DAFF004FA32F /* main.swift */ = {isa = PBXFileReference; lastKnownFileType = sourcecode.swift; path = main.swift; sourceTree = "<group>"; };
		81740C001A07DD08004FA32F /* NamedShape.swift */ = {isa = PBXFileReference; fileEncoding = 4; lastKnownFileType = sourcecode.swift; path = NamedShape.swift; sourceTree = "<group>"; };
		81740C021A07DF76004FA32F /* Square.swift */ = {isa = PBXFileReference; fileEncoding = 4; lastKnownFileType = sourcecode.swift; path = Square.swift; sourceTree = "<group>"; };
/* End PBXFileReference section */

/* Begin PBXFrameworksBuildPhase section */
		81740BF31A07DAFF004FA32F /* Frameworks */ = {
			isa = PBXFrameworksBuildPhase;
			buildActionMask = 2147483647;
			files = (
			);
			runOnlyForDeploymentPostprocessing = 0;
		};
/* End PBXFrameworksBuildPhase section */

/* Begin PBXGroup section */
		81740BED1A07DAFF004FA32F = {
			isa = PBXGroup;
			children = (
				81740BF81A07DAFF004FA32F /* ApprendereSwift */,
				81740BF71A07DAFF004FA32F /* Products */,
			);
			sourceTree = "<group>";
		};
		81740BF71A07DAFF004FA32F /* Products */ = {
			isa = PBXGroup;
			children = (
				81740BF61A07DAFF004FA32F /* ApprendereSwift */,
			);
			name = Products;
			sourceTree = "<group>";
		};
		81740BF81A07DAFF004FA32F /* ApprendereSwift */ = {
			isa = PBXGroup;
			children = (
				81740BF91A07DAFF004FA32F /* main.swift */,
				81740C001A07DD08004FA32F /* NamedShape.swift */,
				81740C021A07DF76004FA32F /* Square.swift */,
			);
			path = ApprendereSwift;
			sourceTree = "<group>";
		};
/* End PBXGroup section */

/* Begin PBXNativeTarget section */
		81740BF51A07DAFF004FA32F /* ApprendereSwift */ = {
			isa = PBXNativeTarget;
			buildConfigurationList = 81740BFD1A07DAFF004FA32F /* Build configuration list for PBXNativeTarget "ApprendereSwift" */;
			buildPhases = (
				81740BF21A07DAFF004FA32F /* Sources */,
				81740BF31A07DAFF004FA32F /* Frameworks */,
				81740BF41A07DAFF004FA32F /* CopyFiles */,
			);
			buildRules = (
			);
			dependencies = (
			);
			name = ApprendereSwift;
			productName = ApprendereSwift;
			productReference = 81740BF61A07DAFF004FA32F /* ApprendereSwift */;
			productType = "com.apple.product-type.tool";
		};
/* End PBXNativeTarget section */

/* Begin PBXProject section */
		81740BEE1A07DAFF004FA32F /* Project object */ = {
			isa = PBXProject;
			attributes = {
				LastUpgradeCheck = 0610;
				ORGANIZATIONNAME = "Luca Pascucci";
				TargetAttributes = {
					81740BF51A07DAFF004FA32F = {
						CreatedOnToolsVersion = 6.1;
					};
				};
			};
			buildConfigurationList = 81740BF11A07DAFF004FA32F /* Build configuration list for PBXProject "ApprendereSwift" */;
			compatibilityVersion = "Xcode 3.2";
			developmentRegion = English;
			hasScannedForEncodings = 0;
			knownRegions = (
				en,
			);
			mainGroup = 81740BED1A07DAFF004FA32F;
			productRefGroup = 81740BF71A07DAFF004FA32F /* Products */;
			projectDirPath = "";
			projectRoot = "";
			targets = (
				81740BF51A07DAFF004FA32F /* ApprendereSwift */,
			);
		};
/* End PBXProject section */

/* Begin PBXSourcesBuildPhase section */
		81740BF21A07DAFF004FA32F /* Sources */ = {
			isa = PBXSourcesBuildPhase;
			buildActionMask = 2147483647;
			files = (
				81740C031A07DF76004FA32F /* Square.swift in Sources */,
				81740BFA1A07DAFF004FA32F /* main.swift in Sources */,
				81740C011A07DD08004FA32F /* NamedShape.swift in Sources */,
			);
			runOnlyForDeploymentPostprocessing = 0;
		};
/* End PBXSourcesBuildPhase section */

/* Begin XCBuildConfiguration section */
		81740BFB1A07DAFF004FA32F /* Debug */ = {
			isa = XCBuildConfiguration;
			buildSettings = {
				ALWAYS_SEARCH_USER_PATHS = NO;
				CLANG_CXX_LANGUAGE_STANDARD = "gnu++0x";
				CLANG_CXX_LIBRARY = "libc++";
				CLANG_ENABLE_MODULES = YES;
				CLANG_ENABLE_OBJC_ARC = YES;
				CLANG_WARN_BOOL_CONVERSION = YES;
				CLANG_WARN_CONSTANT_CONVERSION = YES;
				CLANG_WARN_DIRECT_OBJC_ISA_USAGE = YES_ERROR;
				CLANG_WARN_EMPTY_BODY = YES;
				CLANG_WARN_ENUM_CONVERSION = YES;
				CLANG_WARN_INT_CONVERSION = YES;
				CLANG_WARN_OBJC_ROOT_CLASS = YES_ERROR;
				CLANG_WARN_UNREACHABLE_CODE = YES;
				CLANG_WARN__DUPLICATE_METHOD_MATCH = YES;
				COPY_PHASE_STRIP = NO;
				ENABLE_STRICT_OBJC_MSGSEND = YES;
				GCC_C_LANGUAGE_STANDARD = gnu99;
				GCC_DYNAMIC_NO_PIC = NO;
				GCC_OPTIMIZATION_LEVEL = 0;
				GCC_PREPROCESSOR_DEFINITIONS = (
					"DEBUG=1",
					"$(inherited)",
				);
				GCC_SYMBOLS_PRIVATE_EXTERN = NO;
				GCC_WARN_64_TO_32_BIT_CONVERSION = YES;
				GCC_WARN_ABOUT_RETURN_TYPE = YES_ERROR;
				GCC_WARN_UNDECLARED_SELECTOR = YES;
				GCC_WARN_UNINITIALIZED_AUTOS = YES_AGGRESSIVE;
				GCC_WARN_UNUSED_FUNCTION = YES;
				GCC_WARN_UNUSED_VARIABLE = YES;
				MACOSX_DEPLOYMENT_TARGET = 10.10;
				MTL_ENABLE_DEBUG_INFO = YES;
				ONLY_ACTIVE_ARCH = YES;
				SDKROOT = macosx;
				SWIFT_OPTIMIZATION_LEVEL = "-Onone";
			};
			name = Debug;
		};
		81740BFC1A07DAFF004FA32F /* Release */ = {
			isa = XCBuildConfiguration;
			buildSettings = {
				ALWAYS_SEARCH_USER_PATHS = NO;
				CLANG_CXX_LANGUAGE_STANDARD = "gnu++0x";
				CLANG_CXX_LIBRARY = "libc++";
				CLANG_ENABLE_MODULES = YES;
				CLANG_ENABLE_OBJC_ARC = YES;
				CLANG_WARN_BOOL_CONVERSION = YES;
				CLANG_WARN_CONSTANT_CONVERSION = YES;
				CLANG_WARN_DIRECT_OBJC_ISA_USAGE = YES_ERROR;
				CLANG_WARN_EMPTY_BODY = YES;
				CLANG_WARN_ENUM_CONVERSION = YES;
				CLANG_WARN_INT_CONVERSION = YES;
				CLANG_WARN_OBJC_ROOT_CLASS = YES_ERROR;
				CLANG_WARN_UNREACHABLE_CODE = YES;
				CLANG_WARN__DUPLICATE_METHOD_MATCH = YES;
				COPY_PHASE_STRIP = YES;
				DEBUG_INFORMATION_FORMAT = "dwarf-with-dsym";
				ENABLE_NS_ASSERTIONS = NO;
				ENABLE_STRICT_OBJC_MSGSEND = YES;
				GCC_C_LANGUAGE_STANDARD = gnu99;
				GCC_WARN_64_TO_32_BIT_CONVERSION = YES;
				GCC_WARN_ABOUT_RETURN_TYPE = YES_ERROR;
				GCC_WARN_UNDECLARED_SELECTOR = YES;
				GCC_WARN_UNINITIALIZED_AUTOS = YES_AGGRESSIVE;
				GCC_WARN_UNUSED_FUNCTION = YES;
				GCC_WARN_UNUSED_VARIABLE = YES;
				MACOSX_DEPLOYMENT_TARGET = 10.10;
				MTL_ENABLE_DEBUG_INFO = NO;
				SDKROOT = macosx;
			};
			name = Release;
		};
		81740BFE1A07DAFF004FA32F /* Debug */ = {
			isa = XCBuildConfiguration;
			buildSettings = {
				PRODUCT_NAME = "$(TARGET_NAME)";
			};
			name = Debug;
		};
		81740BFF1A07DAFF004FA32F /* Release */ = {
			isa = XCBuildConfiguration;
			buildSettings = {
				PRODUCT_NAME = "$(TARGET_NAME)";
			};
			name = Release;
		};
/* End XCBuildConfiguration section */

/* Begin XCConfigurationList section */
		81740BF11A07DAFF004FA32F /* Build configuration list for PBXProject "ApprendereSwift" */ = {
			isa = XCConfigurationList;
			buildConfigurations = (
				81740BFB1A07DAFF004FA32F /* Debug */,
				81740BFC1A07DAFF004FA32F /* Release */,
			);
			defaultConfigurationIsVisible = 0;
			defaultConfigurationName = Release;
		};
		81740BFD1A07DAFF004FA32F /* Build configuration list for PBXNativeTarget "ApprendereSwift" */ = {
			isa = XCConfigurationList;
			buildConfigurations = (
				81740BFE1A07DAFF004FA32F /* Debug */,
				81740BFF1A07DAFF004FA32F /* Release */,
			);
			defaultConfigurationIsVisible = 0;
		};
/* End XCConfigurationList section */
	};
	rootObject = 81740BEE1A07DAFF004FA32F /* Project object */;
}
