// !$*UTF8*$!
{
	archiveVersion = 1;
	classes = {
	};
	objectVersion = 46;
	objects = {

/* Begin PBXBuildFile section */
		817CB10C1A0430BA0097B6A4 /* AppDelegate.swift in Sources */ = {isa = PBXBuildFile; fileRef = 817CB10B1A0430BA0097B6A4 /* AppDelegate.swift */; };
		817CB10E1A0430BA0097B6A4 /* ViewController.swift in Sources */ = {isa = PBXBuildFile; fileRef = 817CB10D1A0430BA0097B6A4 /* ViewController.swift */; };
		817CB1111A0430BA0097B6A4 /* Main.storyboard in Resources */ = {isa = PBXBuildFile; fileRef = 817CB10F1A0430BA0097B6A4 /* Main.storyboard */; };
		817CB1131A0430BA0097B6A4 /* Images.xcassets in Resources */ = {isa = PBXBuildFile; fileRef = 817CB1121A0430BA0097B6A4 /* Images.xcassets */; };
		817CB1161A0430BA0097B6A4 /* LaunchScreen.xib in Resources */ = {isa = PBXBuildFile; fileRef = 817CB1141A0430BA0097B6A4 /* LaunchScreen.xib */; };
		817CB1221A0430BA0097B6A4 /* BlurrySideBarTests.swift in Sources */ = {isa = PBXBuildFile; fileRef = 817CB1211A0430BA0097B6A4 /* BlurrySideBarTests.swift */; };
		817CB12C1A0431480097B6A4 /* SideBarTableViewController.swift in Sources */ = {isa = PBXBuildFile; fileRef = 817CB12B1A0431480097B6A4 /* SideBarTableViewController.swift */; };
		817CB1301A04385F0097B6A4 /* SideBar.swift in Sources */ = {isa = PBXBuildFile; fileRef = 817CB12F1A04385F0097B6A4 /* SideBar.swift */; };
/* End PBXBuildFile section */

/* Begin PBXContainerItemProxy section */
		817CB11C1A0430BA0097B6A4 /* PBXContainerItemProxy */ = {
			isa = PBXContainerItemProxy;
			containerPortal = 817CB0FE1A0430BA0097B6A4 /* Project object */;
			proxyType = 1;
			remoteGlobalIDString = 817CB1051A0430BA0097B6A4;
			remoteInfo = BlurrySideBar;
		};
/* End PBXContainerItemProxy section */

/* Begin PBXFileReference section */
		817CB1061A0430BA0097B6A4 /* BlurrySideBar.app */ = {isa = PBXFileReference; explicitFileType = wrapper.application; includeInIndex = 0; path = BlurrySideBar.app; sourceTree = BUILT_PRODUCTS_DIR; };
		817CB10A1A0430BA0097B6A4 /* Info.plist */ = {isa = PBXFileReference; lastKnownFileType = text.plist.xml; path = Info.plist; sourceTree = "<group>"; };
		817CB10B1A0430BA0097B6A4 /* AppDelegate.swift */ = {isa = PBXFileReference; lastKnownFileType = sourcecode.swift; path = AppDelegate.swift; sourceTree = "<group>"; };
		817CB10D1A0430BA0097B6A4 /* ViewController.swift */ = {isa = PBXFileReference; lastKnownFileType = sourcecode.swift; path = ViewController.swift; sourceTree = "<group>"; };
		817CB1101A0430BA0097B6A4 /* Base */ = {isa = PBXFileReference; lastKnownFileType = file.storyboard; name = Base; path = Base.lproj/Main.storyboard; sourceTree = "<group>"; };
		817CB1121A0430BA0097B6A4 /* Images.xcassets */ = {isa = PBXFileReference; lastKnownFileType = folder.assetcatalog; path = Images.xcassets; sourceTree = "<group>"; };
		817CB1151A0430BA0097B6A4 /* Base */ = {isa = PBXFileReference; lastKnownFileType = file.xib; name = Base; path = Base.lproj/LaunchScreen.xib; sourceTree = "<group>"; };
		817CB11B1A0430BA0097B6A4 /* BlurrySideBarTests.xctest */ = {isa = PBXFileReference; explicitFileType = wrapper.cfbundle; includeInIndex = 0; path = BlurrySideBarTests.xctest; sourceTree = BUILT_PRODUCTS_DIR; };
		817CB1201A0430BA0097B6A4 /* Info.plist */ = {isa = PBXFileReference; lastKnownFileType = text.plist.xml; path = Info.plist; sourceTree = "<group>"; };
		817CB1211A0430BA0097B6A4 /* BlurrySideBarTests.swift */ = {isa = PBXFileReference; lastKnownFileType = sourcecode.swift; path = BlurrySideBarTests.swift; sourceTree = "<group>"; };
		817CB12B1A0431480097B6A4 /* SideBarTableViewController.swift */ = {isa = PBXFileReference; fileEncoding = 4; lastKnownFileType = sourcecode.swift; path = SideBarTableViewController.swift; sourceTree = "<group>"; };
		817CB12F1A04385F0097B6A4 /* SideBar.swift */ = {isa = PBXFileReference; fileEncoding = 4; lastKnownFileType = sourcecode.swift; path = SideBar.swift; sourceTree = "<group>"; };
/* End PBXFileReference section */

/* Begin PBXFrameworksBuildPhase section */
		817CB1031A0430BA0097B6A4 /* Frameworks */ = {
			isa = PBXFrameworksBuildPhase;
			buildActionMask = 2147483647;
			files = (
			);
			runOnlyForDeploymentPostprocessing = 0;
		};
		817CB1181A0430BA0097B6A4 /* Frameworks */ = {
			isa = PBXFrameworksBuildPhase;
			buildActionMask = 2147483647;
			files = (
			);
			runOnlyForDeploymentPostprocessing = 0;
		};
/* End PBXFrameworksBuildPhase section */

/* Begin PBXGroup section */
		817CB0FD1A0430BA0097B6A4 = {
			isa = PBXGroup;
			children = (
				817CB1081A0430BA0097B6A4 /* BlurrySideBar */,
				817CB11E1A0430BA0097B6A4 /* BlurrySideBarTests */,
				817CB1071A0430BA0097B6A4 /* Products */,
			);
			sourceTree = "<group>";
		};
		817CB1071A0430BA0097B6A4 /* Products */ = {
			isa = PBXGroup;
			children = (
				817CB1061A0430BA0097B6A4 /* BlurrySideBar.app */,
				817CB11B1A0430BA0097B6A4 /* BlurrySideBarTests.xctest */,
			);
			name = Products;
			sourceTree = "<group>";
		};
		817CB1081A0430BA0097B6A4 /* BlurrySideBar */ = {
			isa = PBXGroup;
			children = (
				817CB10B1A0430BA0097B6A4 /* AppDelegate.swift */,
				817CB10D1A0430BA0097B6A4 /* ViewController.swift */,
				817CB12B1A0431480097B6A4 /* SideBarTableViewController.swift */,
				817CB12F1A04385F0097B6A4 /* SideBar.swift */,
				817CB10F1A0430BA0097B6A4 /* Main.storyboard */,
				817CB1121A0430BA0097B6A4 /* Images.xcassets */,
				817CB1141A0430BA0097B6A4 /* LaunchScreen.xib */,
				817CB1091A0430BA0097B6A4 /* Supporting Files */,
			);
			path = BlurrySideBar;
			sourceTree = "<group>";
		};
		817CB1091A0430BA0097B6A4 /* Supporting Files */ = {
			isa = PBXGroup;
			children = (
				817CB10A1A0430BA0097B6A4 /* Info.plist */,
			);
			name = "Supporting Files";
			sourceTree = "<group>";
		};
		817CB11E1A0430BA0097B6A4 /* BlurrySideBarTests */ = {
			isa = PBXGroup;
			children = (
				817CB1211A0430BA0097B6A4 /* BlurrySideBarTests.swift */,
				817CB11F1A0430BA0097B6A4 /* Supporting Files */,
			);
			path = BlurrySideBarTests;
			sourceTree = "<group>";
		};
		817CB11F1A0430BA0097B6A4 /* Supporting Files */ = {
			isa = PBXGroup;
			children = (
				817CB1201A0430BA0097B6A4 /* Info.plist */,
			);
			name = "Supporting Files";
			sourceTree = "<group>";
		};
/* End PBXGroup section */

/* Begin PBXNativeTarget section */
		817CB1051A0430BA0097B6A4 /* BlurrySideBar */ = {
			isa = PBXNativeTarget;
			buildConfigurationList = 817CB1251A0430BA0097B6A4 /* Build configuration list for PBXNativeTarget "BlurrySideBar" */;
			buildPhases = (
				817CB1021A0430BA0097B6A4 /* Sources */,
				817CB1031A0430BA0097B6A4 /* Frameworks */,
				817CB1041A0430BA0097B6A4 /* Resources */,
			);
			buildRules = (
			);
			dependencies = (
			);
			name = BlurrySideBar;
			productName = BlurrySideBar;
			productReference = 817CB1061A0430BA0097B6A4 /* BlurrySideBar.app */;
			productType = "com.apple.product-type.application";
		};
		817CB11A1A0430BA0097B6A4 /* BlurrySideBarTests */ = {
			isa = PBXNativeTarget;
			buildConfigurationList = 817CB1281A0430BA0097B6A4 /* Build configuration list for PBXNativeTarget "BlurrySideBarTests" */;
			buildPhases = (
				817CB1171A0430BA0097B6A4 /* Sources */,
				817CB1181A0430BA0097B6A4 /* Frameworks */,
				817CB1191A0430BA0097B6A4 /* Resources */,
			);
			buildRules = (
			);
			dependencies = (
				817CB11D1A0430BA0097B6A4 /* PBXTargetDependency */,
			);
			name = BlurrySideBarTests;
			productName = BlurrySideBarTests;
			productReference = 817CB11B1A0430BA0097B6A4 /* BlurrySideBarTests.xctest */;
			productType = "com.apple.product-type.bundle.unit-test";
		};
/* End PBXNativeTarget section */

/* Begin PBXProject section */
		817CB0FE1A0430BA0097B6A4 /* Project object */ = {
			isa = PBXProject;
			attributes = {
				LastUpgradeCheck = 0610;
				ORGANIZATIONNAME = "Luca Pascucci";
				TargetAttributes = {
					817CB1051A0430BA0097B6A4 = {
						CreatedOnToolsVersion = 6.1;
					};
					817CB11A1A0430BA0097B6A4 = {
						CreatedOnToolsVersion = 6.1;
						TestTargetID = 817CB1051A0430BA0097B6A4;
					};
				};
			};
			buildConfigurationList = 817CB1011A0430BA0097B6A4 /* Build configuration list for PBXProject "BlurrySideBar" */;
			compatibilityVersion = "Xcode 3.2";
			developmentRegion = English;
			hasScannedForEncodings = 0;
			knownRegions = (
				en,
				Base,
			);
			mainGroup = 817CB0FD1A0430BA0097B6A4;
			productRefGroup = 817CB1071A0430BA0097B6A4 /* Products */;
			projectDirPath = "";
			projectRoot = "";
			targets = (
				817CB1051A0430BA0097B6A4 /* BlurrySideBar */,
				817CB11A1A0430BA0097B6A4 /* BlurrySideBarTests */,
			);
		};
/* End PBXProject section */

/* Begin PBXResourcesBuildPhase section */
		817CB1041A0430BA0097B6A4 /* Resources */ = {
			isa = PBXResourcesBuildPhase;
			buildActionMask = 2147483647;
			files = (
				817CB1111A0430BA0097B6A4 /* Main.storyboard in Resources */,
				817CB1161A0430BA0097B6A4 /* LaunchScreen.xib in Resources */,
				817CB1131A0430BA0097B6A4 /* Images.xcassets in Resources */,
			);
			runOnlyForDeploymentPostprocessing = 0;
		};
		817CB1191A0430BA0097B6A4 /* Resources */ = {
			isa = PBXResourcesBuildPhase;
			buildActionMask = 2147483647;
			files = (
			);
			runOnlyForDeploymentPostprocessing = 0;
		};
/* End PBXResourcesBuildPhase section */

/* Begin PBXSourcesBuildPhase section */
		817CB1021A0430BA0097B6A4 /* Sources */ = {
			isa = PBXSourcesBuildPhase;
			buildActionMask = 2147483647;
			files = (
				817CB10E1A0430BA0097B6A4 /* ViewController.swift in Sources */,
				817CB10C1A0430BA0097B6A4 /* AppDelegate.swift in Sources */,
				817CB1301A04385F0097B6A4 /* SideBar.swift in Sources */,
				817CB12C1A0431480097B6A4 /* SideBarTableViewController.swift in Sources */,
			);
			runOnlyForDeploymentPostprocessing = 0;
		};
		817CB1171A0430BA0097B6A4 /* Sources */ = {
			isa = PBXSourcesBuildPhase;
			buildActionMask = 2147483647;
			files = (
				817CB1221A0430BA0097B6A4 /* BlurrySideBarTests.swift in Sources */,
			);
			runOnlyForDeploymentPostprocessing = 0;
		};
/* End PBXSourcesBuildPhase section */

/* Begin PBXTargetDependency section */
		817CB11D1A0430BA0097B6A4 /* PBXTargetDependency */ = {
			isa = PBXTargetDependency;
			target = 817CB1051A0430BA0097B6A4 /* BlurrySideBar */;
			targetProxy = 817CB11C1A0430BA0097B6A4 /* PBXContainerItemProxy */;
		};
/* End PBXTargetDependency section */

/* Begin PBXVariantGroup section */
		817CB10F1A0430BA0097B6A4 /* Main.storyboard */ = {
			isa = PBXVariantGroup;
			children = (
				817CB1101A0430BA0097B6A4 /* Base */,
			);
			name = Main.storyboard;
			sourceTree = "<group>";
		};
		817CB1141A0430BA0097B6A4 /* LaunchScreen.xib */ = {
			isa = PBXVariantGroup;
			children = (
				817CB1151A0430BA0097B6A4 /* Base */,
			);
			name = LaunchScreen.xib;
			sourceTree = "<group>";
		};
/* End PBXVariantGroup section */

/* Begin XCBuildConfiguration section */
		817CB1231A0430BA0097B6A4 /* Debug */ = {
			isa = XCBuildConfiguration;
			buildSettings = {
				ALWAYS_SEARCH_USER_PATHS = NO;
				CLANG_CXX_LANGUAGE_STANDARD = "gnu++0x";
				CLANG_CXX_LIBRARY = "libc++";
				CLANG_ENABLE_MODULES = YES;
				CLANG_ENABLE_OBJC_ARC = YES;
				CLANG_WARN_BOOL_CONVERSION = YES;
				CLANG_WARN_CONSTANT_CONVERSION = YES;
				CLANG_WARN_DIRECT_OBJC_ISA_USAGE = YES_ERROR;
				CLANG_WARN_EMPTY_BODY = YES;
				CLANG_WARN_ENUM_CONVERSION = YES;
				CLANG_WARN_INT_CONVERSION = YES;
				CLANG_WARN_OBJC_ROOT_CLASS = YES_ERROR;
				CLANG_WARN_UNREACHABLE_CODE = YES;
				CLANG_WARN__DUPLICATE_METHOD_MATCH = YES;
				"CODE_SIGN_IDENTITY[sdk=iphoneos*]" = "iPhone Developer";
				COPY_PHASE_STRIP = NO;
				ENABLE_STRICT_OBJC_MSGSEND = YES;
				GCC_C_LANGUAGE_STANDARD = gnu99;
				GCC_DYNAMIC_NO_PIC = NO;
				GCC_OPTIMIZATION_LEVEL = 0;
				GCC_PREPROCESSOR_DEFINITIONS = (
					"DEBUG=1",
					"$(inherited)",
				);
				GCC_SYMBOLS_PRIVATE_EXTERN = NO;
				GCC_WARN_64_TO_32_BIT_CONVERSION = YES;
				GCC_WARN_ABOUT_RETURN_TYPE = YES_ERROR;
				GCC_WARN_UNDECLARED_SELECTOR = YES;
				GCC_WARN_UNINITIALIZED_AUTOS = YES_AGGRESSIVE;
				GCC_WARN_UNUSED_FUNCTION = YES;
				GCC_WARN_UNUSED_VARIABLE = YES;
				IPHONEOS_DEPLOYMENT_TARGET = 8.1;
				MTL_ENABLE_DEBUG_INFO = YES;
				ONLY_ACTIVE_ARCH = YES;
				SDKROOT = iphoneos;
				SWIFT_OPTIMIZATION_LEVEL = "-Onone";
			};
			name = Debug;
		};
		817CB1241A0430BA0097B6A4 /* Release */ = {
			isa = XCBuildConfiguration;
			buildSettings = {
				ALWAYS_SEARCH_USER_PATHS = NO;
				CLANG_CXX_LANGUAGE_STANDARD = "gnu++0x";
				CLANG_CXX_LIBRARY = "libc++";
				CLANG_ENABLE_MODULES = YES;
				CLANG_ENABLE_OBJC_ARC = YES;
				CLANG_WARN_BOOL_CONVERSION = YES;
				CLANG_WARN_CONSTANT_CONVERSION = YES;
				CLANG_WARN_DIRECT_OBJC_ISA_USAGE = YES_ERROR;
				CLANG_WARN_EMPTY_BODY = YES;
				CLANG_WARN_ENUM_CONVERSION = YES;
				CLANG_WARN_INT_CONVERSION = YES;
				CLANG_WARN_OBJC_ROOT_CLASS = YES_ERROR;
				CLANG_WARN_UNREACHABLE_CODE = YES;
				CLANG_WARN__DUPLICATE_METHOD_MATCH = YES;
				"CODE_SIGN_IDENTITY[sdk=iphoneos*]" = "iPhone Developer";
				COPY_PHASE_STRIP = YES;
				ENABLE_NS_ASSERTIONS = NO;
				ENABLE_STRICT_OBJC_MSGSEND = YES;
				GCC_C_LANGUAGE_STANDARD = gnu99;
				GCC_WARN_64_TO_32_BIT_CONVERSION = YES;
				GCC_WARN_ABOUT_RETURN_TYPE = YES_ERROR;
				GCC_WARN_UNDECLARED_SELECTOR = YES;
				GCC_WARN_UNINITIALIZED_AUTOS = YES_AGGRESSIVE;
				GCC_WARN_UNUSED_FUNCTION = YES;
				GCC_WARN_UNUSED_VARIABLE = YES;
				IPHONEOS_DEPLOYMENT_TARGET = 8.1;
				MTL_ENABLE_DEBUG_INFO = NO;
				SDKROOT = iphoneos;
				VALIDATE_PRODUCT = YES;
			};
			name = Release;
		};
		817CB1261A0430BA0097B6A4 /* Debug */ = {
			isa = XCBuildConfiguration;
			buildSettings = {
				ASSETCATALOG_COMPILER_APPICON_NAME = AppIcon;
				INFOPLIST_FILE = BlurrySideBar/Info.plist;
				LD_RUNPATH_SEARCH_PATHS = "$(inherited) @executable_path/Frameworks";
				PRODUCT_NAME = "$(TARGET_NAME)";
			};
			name = Debug;
		};
		817CB1271A0430BA0097B6A4 /* Release */ = {
			isa = XCBuildConfiguration;
			buildSettings = {
				ASSETCATALOG_COMPILER_APPICON_NAME = AppIcon;
				INFOPLIST_FILE = BlurrySideBar/Info.plist;
				LD_RUNPATH_SEARCH_PATHS = "$(inherited) @executable_path/Frameworks";
				PRODUCT_NAME = "$(TARGET_NAME)";
			};
			name = Release;
		};
		817CB1291A0430BA0097B6A4 /* Debug */ = {
			isa = XCBuildConfiguration;
			buildSettings = {
				BUNDLE_LOADER = "$(TEST_HOST)";
				FRAMEWORK_SEARCH_PATHS = (
					"$(SDKROOT)/Developer/Library/Frameworks",
					"$(inherited)",
				);
				GCC_PREPROCESSOR_DEFINITIONS = (
					"DEBUG=1",
					"$(inherited)",
				);
				INFOPLIST_FILE = BlurrySideBarTests/Info.plist;
				LD_RUNPATH_SEARCH_PATHS = "$(inherited) @executable_path/Frameworks @loader_path/Frameworks";
				PRODUCT_NAME = "$(TARGET_NAME)";
				TEST_HOST = "$(BUILT_PRODUCTS_DIR)/BlurrySideBar.app/BlurrySideBar";
			};
			name = Debug;
		};
		817CB12A1A0430BA0097B6A4 /* Release */ = {
			isa = XCBuildConfiguration;
			buildSettings = {
				BUNDLE_LOADER = "$(TEST_HOST)";
				FRAMEWORK_SEARCH_PATHS = (
					"$(SDKROOT)/Developer/Library/Frameworks",
					"$(inherited)",
				);
				INFOPLIST_FILE = BlurrySideBarTests/Info.plist;
				LD_RUNPATH_SEARCH_PATHS = "$(inherited) @executable_path/Frameworks @loader_path/Frameworks";
				PRODUCT_NAME = "$(TARGET_NAME)";
				TEST_HOST = "$(BUILT_PRODUCTS_DIR)/BlurrySideBar.app/BlurrySideBar";
			};
			name = Release;
		};
/* End XCBuildConfiguration section */

/* Begin XCConfigurationList section */
		817CB1011A0430BA0097B6A4 /* Build configuration list for PBXProject "BlurrySideBar" */ = {
			isa = XCConfigurationList;
			buildConfigurations = (
				817CB1231A0430BA0097B6A4 /* Debug */,
				817CB1241A0430BA0097B6A4 /* Release */,
			);
			defaultConfigurationIsVisible = 0;
			defaultConfigurationName = Release;
		};
		817CB1251A0430BA0097B6A4 /* Build configuration list for PBXNativeTarget "BlurrySideBar" */ = {
			isa = XCConfigurationList;
			buildConfigurations = (
				817CB1261A0430BA0097B6A4 /* Debug */,
				817CB1271A0430BA0097B6A4 /* Release */,
			);
			defaultConfigurationIsVisible = 0;
		};
		817CB1281A0430BA0097B6A4 /* Build configuration list for PBXNativeTarget "BlurrySideBarTests" */ = {
			isa = XCConfigurationList;
			buildConfigurations = (
				817CB1291A0430BA0097B6A4 /* Debug */,
				817CB12A1A0430BA0097B6A4 /* Release */,
			);
			defaultConfigurationIsVisible = 0;
		};
/* End XCConfigurationList section */
	};
	rootObject = 817CB0FE1A0430BA0097B6A4 /* Project object */;
}
